Microsoft Visual Studio Solution File, Format Version 12.00
# Visual Studio 15
VisualStudioVersion = 15.0.27130.2027
MinimumVisualStudioVersion = 15.0.26124.0
Project("{9A19103F-16F7-4668-BE54-9A1E7A4F7556}") = "BlazorDemo.Server", "BlazorDemo.Server\BlazorDemo.Server.csproj", "{D3E9CD9C-0D6B-48F0-8E5C-88F8721BBE68}"
EndProject
Project("{9A19103F-16F7-4668-BE54-9A1E7A4F7556}") = "BlazorDemo.Client", "BlazorDemo.Client\BlazorDemo.Client.csproj", "{5BA20AAB-3A63-4BE0-BB36-12179EF18F8C}"
EndProject
Project("{9A19103F-16F7-4668-BE54-9A1E7A4F7556}") = "BlazorDemo.Shared", "BlazorDemo.Shared\BlazorDemo.Shared.csproj", "{CA6F6F6F-27AD-4F3E-BB3F-B5A09395BADE}"
EndProject
Project("{FAE04EC0-301F-11D3-BF4B-00C04F79EFBC}") = "BlazorDemo.JSInterop", "BlazorDemo.JSInterop\BlazorDemo.JSInterop.csproj", "{56588B22-3E4A-452C-8F8D-98AB3CFC05F8}"
EndProject
Global
	GlobalSection(SolutionConfigurationPlatforms) = preSolution
		Debug|Any CPU = Debug|Any CPU
		Debug|x64 = Debug|x64
		Debug|x86 = Debug|x86
		Release|Any CPU = Release|Any CPU
		Release|x64 = Release|x64
		Release|x86 = Release|x86
	EndGlobalSection
	GlobalSection(ProjectConfigurationPlatforms) = postSolution
		{D3E9CD9C-0D6B-48F0-8E5C-88F8721BBE68}.Debug|Any CPU.ActiveCfg = Debug|Any CPU
		{D3E9CD9C-0D6B-48F0-8E5C-88F8721BBE68}.Debug|Any CPU.Build.0 = Debug|Any CPU
		{D3E9CD9C-0D6B-48F0-8E5C-88F8721BBE68}.Debug|x64.ActiveCfg = Debug|Any CPU
		{D3E9CD9C-0D6B-48F0-8E5C-88F8721BBE68}.Debug|x64.Build.0 = Debug|Any CPU
		{D3E9CD9C-0D6B-48F0-8E5C-88F8721BBE68}.Debug|x86.ActiveCfg = Debug|Any CPU
		{D3E9CD9C-0D6B-48F0-8E5C-88F8721BBE68}.Debug|x86.Build.0 = Debug|Any CPU
		{D3E9CD9C-0D6B-48F0-8E5C-88F8721BBE68}.Release|Any CPU.ActiveCfg = Release|Any CPU
		{D3E9CD9C-0D6B-48F0-8E5C-88F8721BBE68}.Release|Any CPU.Build.0 = Release|Any CPU
		{D3E9CD9C-0D6B-48F0-8E5C-88F8721BBE68}.Release|x64.ActiveCfg = Release|Any CPU
		{D3E9CD9C-0D6B-48F0-8E5C-88F8721BBE68}.Release|x64.Build.0 = Release|Any CPU
		{D3E9CD9C-0D6B-48F0-8E5C-88F8721BBE68}.Release|x86.ActiveCfg = Release|Any CPU
		{D3E9CD9C-0D6B-48F0-8E5C-88F8721BBE68}.Release|x86.Build.0 = Release|Any CPU
		{5BA20AAB-3A63-4BE0-BB36-12179EF18F8C}.Debug|Any CPU.ActiveCfg = Debug|Any CPU
		{5BA20AAB-3A63-4BE0-BB36-12179EF18F8C}.Debug|Any CPU.Build.0 = Debug|Any CPU
		{5BA20AAB-3A63-4BE0-BB36-12179EF18F8C}.Debug|x64.ActiveCfg = Debug|Any CPU
		{5BA20AAB-3A63-4BE0-BB36-12179EF18F8C}.Debug|x64.Build.0 = Debug|Any CPU
		{5BA20AAB-3A63-4BE0-BB36-12179EF18F8C}.Debug|x86.ActiveCfg = Debug|Any CPU
		{5BA20AAB-3A63-4BE0-BB36-12179EF18F8C}.Debug|x86.Build.0 = Debug|Any CPU
		{5BA20AAB-3A63-4BE0-BB36-12179EF18F8C}.Release|Any CPU.ActiveCfg = Release|Any CPU
		{5BA20AAB-3A63-4BE0-BB36-12179EF18F8C}.Release|Any CPU.Build.0 = Release|Any CPU
		{5BA20AAB-3A63-4BE0-BB36-12179EF18F8C}.Release|x64.ActiveCfg = Release|Any CPU
		{5BA20AAB-3A63-4BE0-BB36-12179EF18F8C}.Release|x64.Build.0 = Release|Any CPU
		{5BA20AAB-3A63-4BE0-BB36-12179EF18F8C}.Release|x86.ActiveCfg = Release|Any CPU
		{5BA20AAB-3A63-4BE0-BB36-12179EF18F8C}.Release|x86.Build.0 = Release|Any CPU
		{CA6F6F6F-27AD-4F3E-BB3F-B5A09395BADE}.Debug|Any CPU.ActiveCfg = Debug|Any CPU
		{CA6F6F6F-27AD-4F3E-BB3F-B5A09395BADE}.Debug|Any CPU.Build.0 = Debug|Any CPU
		{CA6F6F6F-27AD-4F3E-BB3F-B5A09395BADE}.Debug|x64.ActiveCfg = Debug|Any CPU
		{CA6F6F6F-27AD-4F3E-BB3F-B5A09395BADE}.Debug|x64.Build.0 = Debug|Any CPU
		{CA6F6F6F-27AD-4F3E-BB3F-B5A09395BADE}.Debug|x86.ActiveCfg = Debug|Any CPU
		{CA6F6F6F-27AD-4F3E-BB3F-B5A09395BADE}.Debug|x86.Build.0 = Debug|Any CPU
		{CA6F6F6F-27AD-4F3E-BB3F-B5A09395BADE}.Release|Any CPU.ActiveCfg = Release|Any CPU
		{CA6F6F6F-27AD-4F3E-BB3F-B5A09395BADE}.Release|Any CPU.Build.0 = Release|Any CPU
		{CA6F6F6F-27AD-4F3E-BB3F-B5A09395BADE}.Release|x64.ActiveCfg = Release|Any CPU
		{CA6F6F6F-27AD-4F3E-BB3F-B5A09395BADE}.Release|x64.Build.0 = Release|Any CPU
		{CA6F6F6F-27AD-4F3E-BB3F-B5A09395BADE}.Release|x86.ActiveCfg = Release|Any CPU
		{CA6F6F6F-27AD-4F3E-BB3F-B5A09395BADE}.Release|x86.Build.0 = Release|Any CPU
		{56588B22-3E4A-452C-8F8D-98AB3CFC05F8}.Debug|Any CPU.ActiveCfg = Debug|Any CPU
		{56588B22-3E4A-452C-8F8D-98AB3CFC05F8}.Debug|Any CPU.Build.0 = Debug|Any CPU
		{56588B22-3E4A-452C-8F8D-98AB3CFC05F8}.Debug|x64.ActiveCfg = Debug|Any CPU
		{56588B22-3E4A-452C-8F8D-98AB3CFC05F8}.Debug|x64.Build.0 = Debug|Any CPU
		{56588B22-3E4A-452C-8F8D-98AB3CFC05F8}.Debug|x86.ActiveCfg = Debug|Any CPU
		{56588B22-3E4A-452C-8F8D-98AB3CFC05F8}.Debug|x86.Build.0 = Debug|Any CPU
		{56588B22-3E4A-452C-8F8D-98AB3CFC05F8}.Release|Any CPU.ActiveCfg = Release|Any CPU
		{56588B22-3E4A-452C-8F8D-98AB3CFC05F8}.Release|Any CPU.Build.0 = Release|Any CPU
		{56588B22-3E4A-452C-8F8D-98AB3CFC05F8}.Release|x64.ActiveCfg = Release|Any CPU
		{56588B22-3E4A-452C-8F8D-98AB3CFC05F8}.Release|x64.Build.0 = Release|Any CPU
		{56588B22-3E4A-452C-8F8D-98AB3CFC05F8}.Release|x86.ActiveCfg = Release|Any CPU
		{56588B22-3E4A-452C-8F8D-98AB3CFC05F8}.Release|x86.Build.0 = Release|Any CPU
	EndGlobalSection
	GlobalSection(SolutionProperties) = preSolution
		HideSolutionNode = FALSE
	EndGlobalSection
	GlobalSection(ExtensibilityGlobals) = postSolution
		SolutionGuid = {490248F0-4AE0-4B25-BC18-C9C91EBEE602}
	EndGlobalSection
EndGlobal
